
Microsoft Visual Studio Solution File, Format Version 12.00
# Visual Studio Version 18
VisualStudioVersion = 18.7.11911.148
MinimumVisualStudioVersion = 10.0.40219.1
Project("{FAE04EC0-301F-11D3-BF4B-00C04F79EFBC}") = "AIAssistedDiagnostics.ModernUI.Tests", "AIAssistedDiagnostics.ModernUI.Tests\AIAssistedDiagnostics.ModernUI.Tests.csproj", "{CDC1F631-6007-B431-EBBE-D016839CC2BC}"
EndProject
Global
	GlobalSection(SolutionConfigurationPlatforms) = preSolution
		Debug|Any CPU = Debug|Any CPU
		Release|Any CPU = Release|Any CPU
	EndGlobalSection
	GlobalSection(ProjectConfigurationPlatforms) = postSolution
		{CDC1F631-6007-B431-EBBE-D016839CC2BC}.Debug|Any CPU.ActiveCfg = Debug|Any CPU
		{CDC1F631-6007-B431-EBBE-D016839CC2BC}.Debug|Any CPU.Build.0 = Debug|Any CPU
		{CDC1F631-6007-B431-EBBE-D016839CC2BC}.Release|Any CPU.ActiveCfg = Release|Any CPU
		{CDC1F631-6007-B431-EBBE-D016839CC2BC}.Release|Any CPU.Build.0 = Release|Any CPU
	EndGlobalSection
	GlobalSection(SolutionProperties) = preSolution
		HideSolutionNode = FALSE
	EndGlobalSection
	GlobalSection(ExtensibilityGlobals) = postSolution
		SolutionGuid = {D28A3C68-0E5B-45FF-A2C6-F9A8CF28E848}
	EndGlobalSection
EndGlobal
