
Microsoft Visual Studio Solution File, Format Version 12.00
# Visual Studio Version 16
VisualStudioVersion = 16.0.29424.173
MinimumVisualStudioVersion = 10.0.40219.1
Project("{FAE04EC0-301F-11D3-BF4B-00C04F79EFBC}") = "ToggleIntegration", "ToggleIntegration.csproj", "{62143519-7189-4E73-B21D-AD0A2C1CE708}"
EndProject
Global
	GlobalSection(SolutionConfigurationPlatforms) = preSolution
		Debug|Any CPU = Debug|Any CPU
		Release|Any CPU = Release|Any CPU
	EndGlobalSection
	GlobalSection(ProjectConfigurationPlatforms) = postSolution
		{62143519-7189-4E73-B21D-AD0A2C1CE708}.Debug|Any CPU.ActiveCfg = Debug|Any CPU
		{62143519-7189-4E73-B21D-AD0A2C1CE708}.Debug|Any CPU.Build.0 = Debug|Any CPU
		{62143519-7189-4E73-B21D-AD0A2C1CE708}.Release|Any CPU.ActiveCfg = Release|Any CPU
		{62143519-7189-4E73-B21D-AD0A2C1CE708}.Release|Any CPU.Build.0 = Release|Any CPU
	EndGlobalSection
	GlobalSection(SolutionProperties) = preSolution
		HideSolutionNode = FALSE
	EndGlobalSection
	GlobalSection(ExtensibilityGlobals) = postSolution
		SolutionGuid = {2623137B-6E85-4A30-B410-AD072528C321}
	EndGlobalSection
EndGlobal
