
Microsoft Visual Studio Solution File, Format Version 12.00
# Visual Studio Version 16
VisualStudioVersion = 16.0.29424.173
MinimumVisualStudioVersion = 10.0.40219.1
Project("{FAE04EC0-301F-11D3-BF4B-00C04F79EFBC}") = "MyStoreIntegration", "MyStoreIntegration\MyStoreIntegration.csproj", "{D56CB427-9C85-4EA4-8D38-F80C99653F6A}"
EndProject
Global
	GlobalSection(SolutionConfigurationPlatforms) = preSolution
		Debug|Any CPU = Debug|Any CPU
		Release|Any CPU = Release|Any CPU
	EndGlobalSection
	GlobalSection(ProjectConfigurationPlatforms) = postSolution
		{D56CB427-9C85-4EA4-8D38-F80C99653F6A}.Debug|Any CPU.ActiveCfg = Debug|Any CPU
		{D56CB427-9C85-4EA4-8D38-F80C99653F6A}.Debug|Any CPU.Build.0 = Debug|Any CPU
		{D56CB427-9C85-4EA4-8D38-F80C99653F6A}.Release|Any CPU.ActiveCfg = Release|Any CPU
		{D56CB427-9C85-4EA4-8D38-F80C99653F6A}.Release|Any CPU.Build.0 = Release|Any CPU
	EndGlobalSection
	GlobalSection(SolutionProperties) = preSolution
		HideSolutionNode = FALSE
	EndGlobalSection
	GlobalSection(ExtensibilityGlobals) = postSolution
		SolutionGuid = {3798C6FD-29DA-4D4E-9598-476B4FF2DEA6}
	EndGlobalSection
EndGlobal
