
Microsoft Visual Studio Solution File, Format Version 12.00
# Visual Studio Version 16
VisualStudioVersion = 16.0.29424.173
MinimumVisualStudioVersion = 10.0.40219.1
Project("{FAE04EC0-301F-11D3-BF4B-00C04F79EFBC}") = "MyStoreIntegrationSBAPI", "MyStoreIntegrationSBAPI\MyStoreIntegrationSBAPI.csproj", "{C576CD06-B63B-4333-8D27-F82613B2CC6A}"
EndProject
Global
	GlobalSection(SolutionConfigurationPlatforms) = preSolution
		Debug|Any CPU = Debug|Any CPU
		Release|Any CPU = Release|Any CPU
	EndGlobalSection
	GlobalSection(ProjectConfigurationPlatforms) = postSolution
		{C576CD06-B63B-4333-8D27-F82613B2CC6A}.Debug|Any CPU.ActiveCfg = Debug|Any CPU
		{C576CD06-B63B-4333-8D27-F82613B2CC6A}.Debug|Any CPU.Build.0 = Debug|Any CPU
		{C576CD06-B63B-4333-8D27-F82613B2CC6A}.Release|Any CPU.ActiveCfg = Release|Any CPU
		{C576CD06-B63B-4333-8D27-F82613B2CC6A}.Release|Any CPU.Build.0 = Release|Any CPU
	EndGlobalSection
	GlobalSection(SolutionProperties) = preSolution
		HideSolutionNode = FALSE
	EndGlobalSection
	GlobalSection(ExtensibilityGlobals) = postSolution
		SolutionGuid = {568CAB39-2ADA-4ED3-9154-BF7F7978626D}
	EndGlobalSection
EndGlobal
